
Microsoft Visual Studio Solution File, Format Version 12.00
# Visual Studio 2013
VisualStudioVersion = 12.0.21005.1
MinimumVisualStudioVersion = 10.0.40219.1
Project("{8BC9CEB8-8B4A-11D0-8D11-00A0C91BC942}") = "2020_5_6_eight_Queen", "2020_5_6_eight_Queen\2020_5_6_eight_Queen.vcxproj", "{3DE2E02C-8351-49CD-8F11-882280B0221B}"
EndProject
Global
	GlobalSection(SolutionConfigurationPlatforms) = preSolution
		Debug|Win32 = Debug|Win32
		Release|Win32 = Release|Win32
	EndGlobalSection
	GlobalSection(ProjectConfigurationPlatforms) = postSolution
		{3DE2E02C-8351-49CD-8F11-882280B0221B}.Debug|Win32.ActiveCfg = Debug|Win32
		{3DE2E02C-8351-49CD-8F11-882280B0221B}.Debug|Win32.Build.0 = Debug|Win32
		{3DE2E02C-8351-49CD-8F11-882280B0221B}.Release|Win32.ActiveCfg = Release|Win32
		{3DE2E02C-8351-49CD-8F11-882280B0221B}.Release|Win32.Build.0 = Release|Win32
	EndGlobalSection
	GlobalSection(SolutionProperties) = preSolution
		HideSolutionNode = FALSE
	EndGlobalSection
EndGlobal
