
Microsoft Visual Studio Solution File, Format Version 12.00
# Visual Studio 2013
VisualStudioVersion = 12.0.21005.1
MinimumVisualStudioVersion = 10.0.40219.1
Project("{8BC9CEB8-8B4A-11D0-8D11-00A0C91BC942}") = "2020_04_03_3", "2020_04_03_3\2020_04_03_3.vcxproj", "{04EE3BF5-B5D4-48A4-8D10-CB4DEB564244}"
EndProject
Global
	GlobalSection(SolutionConfigurationPlatforms) = preSolution
		Debug|Win32 = Debug|Win32
		Release|Win32 = Release|Win32
	EndGlobalSection
	GlobalSection(ProjectConfigurationPlatforms) = postSolution
		{04EE3BF5-B5D4-48A4-8D10-CB4DEB564244}.Debug|Win32.ActiveCfg = Debug|Win32
		{04EE3BF5-B5D4-48A4-8D10-CB4DEB564244}.Debug|Win32.Build.0 = Debug|Win32
		{04EE3BF5-B5D4-48A4-8D10-CB4DEB564244}.Release|Win32.ActiveCfg = Release|Win32
		{04EE3BF5-B5D4-48A4-8D10-CB4DEB564244}.Release|Win32.Build.0 = Release|Win32
	EndGlobalSection
	GlobalSection(SolutionProperties) = preSolution
		HideSolutionNode = FALSE
	EndGlobalSection
EndGlobal
