
Microsoft Visual Studio Solution File, Format Version 12.00
# Visual Studio 15
VisualStudioVersion = 15.0.28307.1433
MinimumVisualStudioVersion = 10.0.40219.1
Project("{8BC9CEB8-8B4A-11D0-8D11-00A0C91BC942}") = "BitZip.cpp", "BitZip.cpp\BitZip.cpp.vcxproj", "{4730A083-0A4F-40C9-8000-BF1CA66EFEBB}"
EndProject
Global
	GlobalSection(SolutionConfigurationPlatforms) = preSolution
		Debug|x64 = Debug|x64
		Debug|x86 = Debug|x86
		Release|x64 = Release|x64
		Release|x86 = Release|x86
	EndGlobalSection
	GlobalSection(ProjectConfigurationPlatforms) = postSolution
		{4730A083-0A4F-40C9-8000-BF1CA66EFEBB}.Debug|x64.ActiveCfg = Debug|x64
		{4730A083-0A4F-40C9-8000-BF1CA66EFEBB}.Debug|x64.Build.0 = Debug|x64
		{4730A083-0A4F-40C9-8000-BF1CA66EFEBB}.Debug|x86.ActiveCfg = Debug|Win32
		{4730A083-0A4F-40C9-8000-BF1CA66EFEBB}.Debug|x86.Build.0 = Debug|Win32
		{4730A083-0A4F-40C9-8000-BF1CA66EFEBB}.Release|x64.ActiveCfg = Release|x64
		{4730A083-0A4F-40C9-8000-BF1CA66EFEBB}.Release|x64.Build.0 = Release|x64
		{4730A083-0A4F-40C9-8000-BF1CA66EFEBB}.Release|x86.ActiveCfg = Release|Win32
		{4730A083-0A4F-40C9-8000-BF1CA66EFEBB}.Release|x86.Build.0 = Release|Win32
	EndGlobalSection
	GlobalSection(SolutionProperties) = preSolution
		HideSolutionNode = FALSE
	EndGlobalSection
	GlobalSection(ExtensibilityGlobals) = postSolution
		SolutionGuid = {B0FE7718-17BA-46B2-AEA5-FAC237EE9A4A}
	EndGlobalSection
EndGlobal
